{
  "name": "gpchain-webapp",
  "version": "0.0.1",
  "lockfileVersion": 1,
  "requires": true,
  "dependencies": {
    "@babel/runtime": {
      "version": "7.4.5",
      "resolved": "https://registry.npmjs.org/@babel/runtime/-/runtime-7.4.5.tgz",
      "integrity": "sha512-TuI4qpWZP6lGOGIuGWtp9sPluqYICmbk8T/1vpSysqJxRPkudh/ofFWyqdcMsDf2s7KvDL4/YHgKyvcS3g9CJQ==",
      "requires": {
        "regenerator-runtime": "0.13.2"
      }
    },
    "angular": {
      "version": "1.7.8",
      "resolved": "https://registry.npmjs.org/angular/-/angular-1.7.8.tgz",
      "integrity": "sha512-wtef/y4COxM7ZVhddd7JtAAhyYObq9YXKar9tsW7558BImeVYteJiTxCKeJOL45lJ/+7B4wrAC49j8gTFYEthg=="
    },
    "angular-file-saver": {
      "version": "1.1.3",
      "resolved": "https://registry.npmjs.org/angular-file-saver/-/angular-file-saver-1.1.3.tgz",
      "integrity": "sha1-3K7AaVIU8iakyq/IwW0hqaYffRs=",
      "requires": {
        "blob-tmp": "1.0.0",
        "file-saver": "1.3.8"
      }
    },
    "angular-route": {
      "version": "1.7.8",
      "resolved": "https://registry.npmjs.org/angular-route/-/angular-route-1.7.8.tgz",
      "integrity": "sha512-VVk89PH0fsY5kfbx+N7IVX1IwnaPWYhMGY0uA+rjej2v1sjvrTx1SLkxUK4E0UpW1hXeLJhN7ncBcwoBiPtAtA=="
    },
    "asn1js": {
      "version": "2.0.22",
      "resolved": "https://registry.npmjs.org/asn1js/-/asn1js-2.0.22.tgz",
      "integrity": "sha512-mKox8OHPmLZY0FUbd8JYsAu2lQk61yFH8gTq4N7AT7NzmUKISpy0LEjV/AfLyE/SNCUicdMDZUFbocsf/9qOTg==",
      "requires": {
        "pvutils": "1.0.17"
      }
    },
    "base64-js": {
      "version": "1.3.0",
      "resolved": "https://registry.npmjs.org/base64-js/-/base64-js-1.3.0.tgz",
      "integrity": "sha512-ccav/yGvoa80BQDljCxsmmQ3Xvx60/UpBIij5QN21W3wBi/hhIC9OoO+KLpu9IJTS9j4DRVJ3aDDF9cMSoa2lw=="
    },
    "blob-tmp": {
      "version": "1.0.0",
      "resolved": "https://registry.npmjs.org/blob-tmp/-/blob-tmp-1.0.0.tgz",
      "integrity": "sha1-3oJJHiIv8TVMd6k+6OTqLIlUQnM="
    },
    "bn.js": {
      "version": "4.11.8",
      "resolved": "https://registry.npmjs.org/bn.js/-/bn.js-4.11.8.tgz",
      "integrity": "sha512-ItfYfPLkWHUjckQCk8xC+LwxgK8NYcXywGigJgSwOP8Y2iyWT4f2vsZnoOXTTbo+o5yXmIUJ4gn5538SO5S3gA=="
    },
    "bootstrap": {
      "version": "4.3.1",
      "resolved": "https://registry.npmjs.org/bootstrap/-/bootstrap-4.3.1.tgz",
      "integrity": "sha512-rXqOmH1VilAt2DyPzluTi2blhk17bO7ef+zLLPlWvG494pDxcM234pJ8wTc/6R40UWizAIIMgxjvxZg5kmsbag=="
    },
    "brorand": {
      "version": "1.1.0",
      "resolved": "https://registry.npmjs.org/brorand/-/brorand-1.1.0.tgz",
      "integrity": "sha1-EsJe/kCkXjwyPrhnWgoM5XsiNx8="
    },
    "buffer": {
      "version": "5.2.1",
      "resolved": "https://registry.npmjs.org/buffer/-/buffer-5.2.1.tgz",
      "integrity": "sha512-c+Ko0loDaFfuPWiL02ls9Xd3GO3cPVmUobQ6t3rXNUk304u6hGq+8N/kFi+QEIKhzK3uwolVhLzszmfLmMLnqg==",
      "requires": {
        "base64-js": "1.3.0",
        "ieee754": "1.1.13"
      }
    },
    "bytestreamjs": {
      "version": "1.0.27",
      "resolved": "https://registry.npmjs.org/bytestreamjs/-/bytestreamjs-1.0.27.tgz",
      "integrity": "sha512-P3eEIZi2olI+lgb7RpGRluJdGoDdSzh0A9hmNP4s7YHiuuw1KRKARxmkdDkDhQCGmV14OVkieTmE/F1/roxiWg=="
    },
    "charenc": {
      "version": "0.0.2",
      "resolved": "https://registry.npmjs.org/charenc/-/charenc-0.0.2.tgz",
      "integrity": "sha1-wKHS86cJLgN3S/qD8UwPxXkKhmc="
    },
    "common-js": {
      "version": "0.3.8",
      "resolved": "https://registry.npmjs.org/common-js/-/common-js-0.3.8.tgz",
      "integrity": "sha1-9DKJGLS6N2+YGtM6Gx+7ZhQSbss="
    },
    "crypt": {
      "version": "0.0.2",
      "resolved": "https://registry.npmjs.org/crypt/-/crypt-0.0.2.tgz",
      "integrity": "sha1-iNf/fsDfuG9xPch7u0LQRNPmxBs="
    },
    "des.js": {
      "version": "1.0.0",
      "resolved": "https://registry.npmjs.org/des.js/-/des.js-1.0.0.tgz",
      "integrity": "sha1-wHTS4qpqipoH29YfmhXCzYPsjsw=",
      "requires": {
        "inherits": "2.0.4",
        "minimalistic-assert": "1.0.1"
      }
    },
    "file-saver": {
      "version": "1.3.8",
      "resolved": "https://registry.npmjs.org/file-saver/-/file-saver-1.3.8.tgz",
      "integrity": "sha512-spKHSBQIxxS81N/O21WmuXA2F6wppUCsutpzenOeZzOCCJ5gEfcbqJP983IrpLXzYmXnMUa6J03SubcNPdKrlg=="
    },
    "hash.js": {
      "version": "1.1.7",
      "resolved": "https://registry.npmjs.org/hash.js/-/hash.js-1.1.7.tgz",
      "integrity": "sha512-taOaskGt4z4SOANNseOviYDvjEJinIkRgmp7LbKP2YTTmVxWBl87s/uzK9r+44BclBSp2X7K1hqeNfz9JbBeXA==",
      "requires": {
        "inherits": "2.0.4",
        "minimalistic-assert": "1.0.1"
      }
    },
    "hmac-drbg": {
      "version": "1.0.1",
      "resolved": "https://registry.npmjs.org/hmac-drbg/-/hmac-drbg-1.0.1.tgz",
      "integrity": "sha1-0nRXAQJabHdabFRXk+1QL8DGSaE=",
      "requires": {
        "hash.js": "1.1.7",
        "minimalistic-assert": "1.0.1",
        "minimalistic-crypto-utils": "1.0.1"
      }
    },
    "ieee754": {
      "version": "1.1.13",
      "resolved": "https://registry.npmjs.org/ieee754/-/ieee754-1.1.13.tgz",
      "integrity": "sha512-4vf7I2LYV/HaWerSo3XmlMkp5eZ83i+/CDluXi/IGTs/O1sejBNhTtnxzmRZfvOUqj7lZjqHkeTvpgSFDlWZTg=="
    },
    "inherits": {
      "version": "2.0.4",
      "resolved": "https://registry.npmjs.org/inherits/-/inherits-2.0.4.tgz",
      "integrity": "sha512-k/vGaX4/Yla3WzyMCvTQOXYeIHvqOKtnqBduzTHpzpQZzAskKMhZ2K+EnBiSM9zGSoIFeMpXKxa4dYeZIQqewQ=="
    },
    "is-buffer": {
      "version": "1.1.6",
      "resolved": "https://registry.npmjs.org/is-buffer/-/is-buffer-1.1.6.tgz",
      "integrity": "sha512-NcdALwpXkTm5Zvvbk7owOUSvVvBKDgKP5/ewfXEznmQFfs4ZRmanOeKBTjRVjka3QFoN6XJ+9F3USqfHqTaU5w=="
    },
    "jquery": {
      "version": "3.4.1",
      "resolved": "https://registry.npmjs.org/jquery/-/jquery-3.4.1.tgz",
      "integrity": "sha512-36+AdBzCL+y6qjw5Tx7HgzeGCzC81MDDgaUP8ld2zhx58HdqXGoBd+tHdrBMiyjGQs0Hxs/MLZTu/eHNJJuWPw=="
    },
    "js-crypto-aes": {
      "version": "0.5.3",
      "resolved": "https://registry.npmjs.org/js-crypto-aes/-/js-crypto-aes-0.5.3.tgz",
      "integrity": "sha512-XEV3ZQvyxfMw+huh7Glap1fDHl1uxjUETGdkTMnrWZnzDR+8bsyWqU9M17/ZRx/QggMCtQagDvLj0dHuiv7qPw==",
      "requires": {
        "@babel/runtime": "7.4.5",
        "js-crypto-env": "0.2.3"
      }
    },
    "js-crypto-env": {
      "version": "0.2.3",
      "resolved": "https://registry.npmjs.org/js-crypto-env/-/js-crypto-env-0.2.3.tgz",
      "integrity": "sha512-YBFN7yD2RsXvdcQzaLsWUTr77Vtfwl4iB9VkBF4qcBCAEoVHbT1co1/vXo+BzrUtPFX7yAvI9bejSPGMC8YbvA==",
      "requires": {
        "@babel/runtime": "7.4.5"
      }
    },
    "js-crypto-hash": {
      "version": "0.4.3",
      "resolved": "https://registry.npmjs.org/js-crypto-hash/-/js-crypto-hash-0.4.3.tgz",
      "integrity": "sha512-RifpfLVLTNPMJMmXflwRRucSc1VAZNkpJ6Gza+EOB/OrArgoxP3Y7ffdRXu1wi5RlBZJgrFK4v+CAZgIW+q2Vg==",
      "requires": {
        "@babel/runtime": "7.4.5",
        "hash.js": "1.1.7",
        "js-crypto-env": "0.2.3",
        "md5": "2.2.1"
      }
    },
    "js-crypto-hmac": {
      "version": "0.4.4",
      "resolved": "https://registry.npmjs.org/js-crypto-hmac/-/js-crypto-hmac-0.4.4.tgz",
      "integrity": "sha512-59Wk7Rvi+VXBa1538AbdUVMe72TeBcFoqag3uCsGhHEl+KxxFfOqJxtowzt9syHqh8m15/KnfsKOV3U3IscZCw==",
      "requires": {
        "@babel/runtime": "7.4.5",
        "js-crypto-env": "0.2.3",
        "js-crypto-hash": "0.4.3"
      }
    },
    "js-crypto-key-utils": {
      "version": "0.6.5",
      "resolved": "https://registry.npmjs.org/js-crypto-key-utils/-/js-crypto-key-utils-0.6.5.tgz",
      "integrity": "sha512-9uzNOB5iS3P+HDB+r7VNu0GhT6CiAU7VcCITaxtbzgjQkcKfnnycwui+FmUrOfd8N3e0XBJH8nILFqGwVAd06Q==",
      "requires": {
        "@babel/runtime": "7.4.5",
        "asn1.js": "5.1.1",
        "buffer": "5.2.1",
        "des.js": "1.0.0",
        "elliptic": "6.4.1",
        "js-crypto-aes": "0.5.3",
        "js-crypto-hash": "0.4.3",
        "js-crypto-pbkdf": "0.3.5",
        "js-crypto-random": "0.3.3",
        "js-encoding-utils": "0.5.1",
        "lodash.clonedeep": "4.5.0"
      },
      "dependencies": {
        "asn1.js": {
          "version": "5.1.1",
          "resolved": "https://registry.npmjs.org/asn1.js/-/asn1.js-5.1.1.tgz",
          "integrity": "sha512-kkj0MRSG9Yo3B2BpnLwEk/Sc7oiLu3jmEPaxiwOb219+1j8q6zZocqQYncLlSjMGhAw+OCVks5iIwnFAHudczw==",
          "requires": {
            "bn.js": "4.11.8",
            "inherits": "2.0.4",
            "minimalistic-assert": "1.0.1"
          }
        },
        "elliptic": {
          "version": "6.4.1",
          "resolved": "https://registry.npmjs.org/elliptic/-/elliptic-6.4.1.tgz",
          "integrity": "sha512-BsXLz5sqX8OHcsh7CqBMztyXARmGQ3LWPtGjJi6DiJHq5C/qvi9P3OqgswKSDftbu8+IoI/QDTAm2fFnQ9SZSQ==",
          "requires": {
            "bn.js": "4.11.8",
            "brorand": "1.1.0",
            "hash.js": "1.1.7",
            "hmac-drbg": "1.0.1",
            "inherits": "2.0.4",
            "minimalistic-assert": "1.0.1",
            "minimalistic-crypto-utils": "1.0.1"
          }
        }
      }
    },
    "js-crypto-pbkdf": {
      "version": "0.3.5",
      "resolved": "https://registry.npmjs.org/js-crypto-pbkdf/-/js-crypto-pbkdf-0.3.5.tgz",
      "integrity": "sha512-hBZlLE4uPEu8ktZSsSax4vy7h+97YZugOSs/w8ns0W9f8k1k8RHop/Whow3G3eXNKeAD+WjLB4yZKaETgsl0aw==",
      "requires": {
        "@babel/runtime": "7.4.5",
        "js-crypto-hash": "0.4.3",
        "js-crypto-hmac": "0.4.4",
        "js-encoding-utils": "0.5.1"
      }
    },
    "js-crypto-random": {
      "version": "0.3.3",
      "resolved": "https://registry.npmjs.org/js-crypto-random/-/js-crypto-random-0.3.3.tgz",
      "integrity": "sha512-oQmQLqEkM4WN5lsRi99PrOJWp4Hn/f2JEf32Hh29n4IA9+TfUHn/XgCi1kc7ltL5IfF8ubeWNEykQklJMhzuyA==",
      "requires": {
        "@babel/runtime": "7.4.5",
        "js-crypto-env": "0.2.3"
      }
    },
    "js-encoding-utils": {
      "version": "0.5.1",
      "resolved": "https://registry.npmjs.org/js-encoding-utils/-/js-encoding-utils-0.5.1.tgz",
      "integrity": "sha512-oBxvNEUbrbL+W6sL3Btsxnj3LfHevByyseOX3KDcoJD4Mt18rkmMRtPEY7XBrV4Y1mty/KsfqpKn9IWIXsIPig=="
    },
    "lodash.clonedeep": {
      "version": "4.5.0",
      "resolved": "https://registry.npmjs.org/lodash.clonedeep/-/lodash.clonedeep-4.5.0.tgz",
      "integrity": "sha1-4j8/nE+Pvd6HJSnBBxhXoIblzO8="
    },
    "md5": {
      "version": "2.2.1",
      "resolved": "https://registry.npmjs.org/md5/-/md5-2.2.1.tgz",
      "integrity": "sha1-U6s41f48iJG6RlMp6iP6wFQBJvk=",
      "requires": {
        "charenc": "0.0.2",
        "crypt": "0.0.2",
        "is-buffer": "1.1.6"
      }
    },
    "minimalistic-assert": {
      "version": "1.0.1",
      "resolved": "https://registry.npmjs.org/minimalistic-assert/-/minimalistic-assert-1.0.1.tgz",
      "integrity": "sha512-UtJcAD4yEaGtjPezWuO9wC4nwUnVH/8/Im3yEHQP4b67cXlD/Qr9hdITCU1xDbSEXg2XKNaP8jsReV7vQd00/A=="
    },
    "minimalistic-crypto-utils": {
      "version": "1.0.1",
      "resolved": "https://registry.npmjs.org/minimalistic-crypto-utils/-/minimalistic-crypto-utils-1.0.1.tgz",
      "integrity": "sha1-9sAMHAsIIkblxNmd+4x8CDsrWCo="
    },
    "pkijs": {
      "version": "2.1.80",
      "resolved": "https://registry.npmjs.org/pkijs/-/pkijs-2.1.80.tgz",
      "integrity": "sha512-4bgCuZ8hkEr9rOv15yzNNmdR/mqi81jjOtTVgcd2+X3WPkzeJjuhRHAGzGG9HfBGwwZpv4/yxYGb28JBKEJs0Q==",
      "requires": {
        "asn1js": "2.0.22",
        "bytestreamjs": "1.0.27",
        "pvutils": "1.0.17"
      }
    },
    "popper.js": {
      "version": "1.15.0",
      "resolved": "https://registry.npmjs.org/popper.js/-/popper.js-1.15.0.tgz",
      "integrity": "sha512-w010cY1oCUmI+9KwwlWki+r5jxKfTFDVoadl7MSrIujHU5MJ5OR6HTDj6Xo8aoR/QsA56x8jKjA59qGH4ELtrA=="
    },
    "pvutils": {
      "version": "1.0.17",
      "resolved": "https://registry.npmjs.org/pvutils/-/pvutils-1.0.17.tgz",
      "integrity": "sha512-wLHYUQxWaXVQvKnwIDWFVKDJku9XDCvyhhxoq8dc5MFdIlRenyPI9eSfEtcvgHgD7FlvCyGAlWgOzRnZD99GZQ=="
    },
    "regenerator-runtime": {
      "version": "0.13.2",
      "resolved": "https://registry.npmjs.org/regenerator-runtime/-/regenerator-runtime-0.13.2.tgz",
      "integrity": "sha512-S/TQAZJO+D3m9xeN1WTI8dLKBBiRgXBlTJvbWjCThHWZj9EvHK70Ff50/tYj2J/fvBY6JtFVwRuazHN2E7M9BA=="
    }
  }
}
